
Microsoft Visual Studio Solution File, Format Version 12.00
# Visual Studio 15
VisualStudioVersion = 15.0.26228.64
MinimumVisualStudioVersion = 10.0.40219.1
Project("{9A19103F-16F7-4668-BE54-9A1E7A4F7556}") = "BLL", "BLL\BLL.csproj", "{E03D0300-A920-49ED-A705-E92F140AE019}"
EndProject
Project("{9A19103F-16F7-4668-BE54-9A1E7A4F7556}") = "CoreConsoleUI", "CoreConsoleUI\CoreConsoleUI.csproj", "{8DBC63B6-839D-46CE-82A7-F39B04E83B43}"
EndProject
Project("{9A19103F-16F7-4668-BE54-9A1E7A4F7556}") = "CoreWebUI", "CoreWebUI\CoreWebUI.csproj", "{626585D1-5DDA-40CA-A1DD-9E62BF98B24E}"
EndProject
Project("{E53339B2-1760-4266-BCC7-CA923CBCF16C}") = "docker-compose", "docker-compose.dcproj", "{6C31F003-7619-45E2-AF8F-E5EE88FDF113}"
EndProject
Project("{FAE04EC0-301F-11D3-BF4B-00C04F79EFBC}") = "FrameworkConsoleUI", "FrameworkConsoleUI\FrameworkConsoleUI.csproj", "{FA5B8598-DB03-4FD2-B95F-9CB44D375CCB}"
EndProject
Project("{FAE04EC0-301F-11D3-BF4B-00C04F79EFBC}") = "FrameworkWebUI", "FrameworkWebUI\FrameworkWebUI.csproj", "{4DF9A232-30E8-4791-AFC5-07E836AD169E}"
EndProject
Project("{FAE04EC0-301F-11D3-BF4B-00C04F79EFBC}") = "XamarinFormsUI.Android", "..\XamarinFormsUI\XamarinFormsUI.Android\XamarinFormsUI.Android.csproj", "{3E056D33-52EA-458B-9CAD-BEDCC390134B}"
EndProject
Project("{FAE04EC0-301F-11D3-BF4B-00C04F79EFBC}") = "XamarinFormsUI.UWP", "..\XamarinFormsUI\XamarinFormsUI.UWP\XamarinFormsUI.UWP.csproj", "{C30B7FBC-6EA3-4857-A7E1-2324FD084A66}"
EndProject
Project("{FAE04EC0-301F-11D3-BF4B-00C04F79EFBC}") = "XamarinFormsUI", "..\XamarinFormsUI\XamarinFormsUI\XamarinFormsUI.csproj", "{91410473-1D26-412E-BA41-27BB99FFA9CB}"
EndProject
Global
	GlobalSection(SolutionConfigurationPlatforms) = preSolution
		Debug|Any CPU = Debug|Any CPU
		Debug|ARM = Debug|ARM
		Debug|x64 = Debug|x64
		Debug|x86 = Debug|x86
		Release|Any CPU = Release|Any CPU
		Release|ARM = Release|ARM
		Release|x64 = Release|x64
		Release|x86 = Release|x86
	EndGlobalSection
	GlobalSection(ProjectConfigurationPlatforms) = postSolution
		{E03D0300-A920-49ED-A705-E92F140AE019}.Debug|Any CPU.ActiveCfg = Debug|Any CPU
		{E03D0300-A920-49ED-A705-E92F140AE019}.Debug|Any CPU.Build.0 = Debug|Any CPU
		{E03D0300-A920-49ED-A705-E92F140AE019}.Debug|ARM.ActiveCfg = Debug|Any CPU
		{E03D0300-A920-49ED-A705-E92F140AE019}.Debug|ARM.Build.0 = Debug|Any CPU
		{E03D0300-A920-49ED-A705-E92F140AE019}.Debug|x64.ActiveCfg = Debug|Any CPU
		{E03D0300-A920-49ED-A705-E92F140AE019}.Debug|x64.Build.0 = Debug|Any CPU
		{E03D0300-A920-49ED-A705-E92F140AE019}.Debug|x86.ActiveCfg = Debug|Any CPU
		{E03D0300-A920-49ED-A705-E92F140AE019}.Debug|x86.Build.0 = Debug|Any CPU
		{E03D0300-A920-49ED-A705-E92F140AE019}.Release|Any CPU.ActiveCfg = Release|Any CPU
		{E03D0300-A920-49ED-A705-E92F140AE019}.Release|Any CPU.Build.0 = Release|Any CPU
		{E03D0300-A920-49ED-A705-E92F140AE019}.Release|ARM.ActiveCfg = Release|Any CPU
		{E03D0300-A920-49ED-A705-E92F140AE019}.Release|ARM.Build.0 = Release|Any CPU
		{E03D0300-A920-49ED-A705-E92F140AE019}.Release|x64.ActiveCfg = Release|Any CPU
		{E03D0300-A920-49ED-A705-E92F140AE019}.Release|x64.Build.0 = Release|Any CPU
		{E03D0300-A920-49ED-A705-E92F140AE019}.Release|x86.ActiveCfg = Release|Any CPU
		{E03D0300-A920-49ED-A705-E92F140AE019}.Release|x86.Build.0 = Release|Any CPU
		{8DBC63B6-839D-46CE-82A7-F39B04E83B43}.Debug|Any CPU.ActiveCfg = Debug|Any CPU
		{8DBC63B6-839D-46CE-82A7-F39B04E83B43}.Debug|Any CPU.Build.0 = Debug|Any CPU
		{8DBC63B6-839D-46CE-82A7-F39B04E83B43}.Debug|ARM.ActiveCfg = Debug|Any CPU
		{8DBC63B6-839D-46CE-82A7-F39B04E83B43}.Debug|ARM.Build.0 = Debug|Any CPU
		{8DBC63B6-839D-46CE-82A7-F39B04E83B43}.Debug|x64.ActiveCfg = Debug|Any CPU
		{8DBC63B6-839D-46CE-82A7-F39B04E83B43}.Debug|x64.Build.0 = Debug|Any CPU
		{8DBC63B6-839D-46CE-82A7-F39B04E83B43}.Debug|x86.ActiveCfg = Debug|Any CPU
		{8DBC63B6-839D-46CE-82A7-F39B04E83B43}.Debug|x86.Build.0 = Debug|Any CPU
		{8DBC63B6-839D-46CE-82A7-F39B04E83B43}.Release|Any CPU.ActiveCfg = Release|Any CPU
		{8DBC63B6-839D-46CE-82A7-F39B04E83B43}.Release|Any CPU.Build.0 = Release|Any CPU
		{8DBC63B6-839D-46CE-82A7-F39B04E83B43}.Release|ARM.ActiveCfg = Release|Any CPU
		{8DBC63B6-839D-46CE-82A7-F39B04E83B43}.Release|ARM.Build.0 = Release|Any CPU
		{8DBC63B6-839D-46CE-82A7-F39B04E83B43}.Release|x64.ActiveCfg = Release|Any CPU
		{8DBC63B6-839D-46CE-82A7-F39B04E83B43}.Release|x64.Build.0 = Release|Any CPU
		{8DBC63B6-839D-46CE-82A7-F39B04E83B43}.Release|x86.ActiveCfg = Release|Any CPU
		{8DBC63B6-839D-46CE-82A7-F39B04E83B43}.Release|x86.Build.0 = Release|Any CPU
		{626585D1-5DDA-40CA-A1DD-9E62BF98B24E}.Debug|Any CPU.ActiveCfg = Debug|Any CPU
		{626585D1-5DDA-40CA-A1DD-9E62BF98B24E}.Debug|Any CPU.Build.0 = Debug|Any CPU
		{626585D1-5DDA-40CA-A1DD-9E62BF98B24E}.Debug|ARM.ActiveCfg = Debug|Any CPU
		{626585D1-5DDA-40CA-A1DD-9E62BF98B24E}.Debug|ARM.Build.0 = Debug|Any CPU
		{626585D1-5DDA-40CA-A1DD-9E62BF98B24E}.Debug|x64.ActiveCfg = Debug|Any CPU
		{626585D1-5DDA-40CA-A1DD-9E62BF98B24E}.Debug|x64.Build.0 = Debug|Any CPU
		{626585D1-5DDA-40CA-A1DD-9E62BF98B24E}.Debug|x86.ActiveCfg = Debug|Any CPU
		{626585D1-5DDA-40CA-A1DD-9E62BF98B24E}.Debug|x86.Build.0 = Debug|Any CPU
		{626585D1-5DDA-40CA-A1DD-9E62BF98B24E}.Release|Any CPU.ActiveCfg = Release|Any CPU
		{626585D1-5DDA-40CA-A1DD-9E62BF98B24E}.Release|Any CPU.Build.0 = Release|Any CPU
		{626585D1-5DDA-40CA-A1DD-9E62BF98B24E}.Release|ARM.ActiveCfg = Release|Any CPU
		{626585D1-5DDA-40CA-A1DD-9E62BF98B24E}.Release|ARM.Build.0 = Release|Any CPU
		{626585D1-5DDA-40CA-A1DD-9E62BF98B24E}.Release|x64.ActiveCfg = Release|Any CPU
		{626585D1-5DDA-40CA-A1DD-9E62BF98B24E}.Release|x64.Build.0 = Release|Any CPU
		{626585D1-5DDA-40CA-A1DD-9E62BF98B24E}.Release|x86.ActiveCfg = Release|Any CPU
		{626585D1-5DDA-40CA-A1DD-9E62BF98B24E}.Release|x86.Build.0 = Release|Any CPU
		{6C31F003-7619-45E2-AF8F-E5EE88FDF113}.Debug|Any CPU.ActiveCfg = Debug|Any CPU
		{6C31F003-7619-45E2-AF8F-E5EE88FDF113}.Debug|Any CPU.Build.0 = Debug|Any CPU
		{6C31F003-7619-45E2-AF8F-E5EE88FDF113}.Debug|ARM.ActiveCfg = Debug|Any CPU
		{6C31F003-7619-45E2-AF8F-E5EE88FDF113}.Debug|ARM.Build.0 = Debug|Any CPU
		{6C31F003-7619-45E2-AF8F-E5EE88FDF113}.Debug|x64.ActiveCfg = Debug|Any CPU
		{6C31F003-7619-45E2-AF8F-E5EE88FDF113}.Debug|x64.Build.0 = Debug|Any CPU
		{6C31F003-7619-45E2-AF8F-E5EE88FDF113}.Debug|x86.ActiveCfg = Debug|Any CPU
		{6C31F003-7619-45E2-AF8F-E5EE88FDF113}.Debug|x86.Build.0 = Debug|Any CPU
		{6C31F003-7619-45E2-AF8F-E5EE88FDF113}.Release|Any CPU.ActiveCfg = Release|Any CPU
		{6C31F003-7619-45E2-AF8F-E5EE88FDF113}.Release|Any CPU.Build.0 = Release|Any CPU
		{6C31F003-7619-45E2-AF8F-E5EE88FDF113}.Release|ARM.ActiveCfg = Release|Any CPU
		{6C31F003-7619-45E2-AF8F-E5EE88FDF113}.Release|ARM.Build.0 = Release|Any CPU
		{6C31F003-7619-45E2-AF8F-E5EE88FDF113}.Release|x64.ActiveCfg = Release|Any CPU
		{6C31F003-7619-45E2-AF8F-E5EE88FDF113}.Release|x64.Build.0 = Release|Any CPU
		{6C31F003-7619-45E2-AF8F-E5EE88FDF113}.Release|x86.ActiveCfg = Release|Any CPU
		{6C31F003-7619-45E2-AF8F-E5EE88FDF113}.Release|x86.Build.0 = Release|Any CPU
		{FA5B8598-DB03-4FD2-B95F-9CB44D375CCB}.Debug|Any CPU.ActiveCfg = Debug|Any CPU
		{FA5B8598-DB03-4FD2-B95F-9CB44D375CCB}.Debug|Any CPU.Build.0 = Debug|Any CPU
		{FA5B8598-DB03-4FD2-B95F-9CB44D375CCB}.Debug|ARM.ActiveCfg = Debug|Any CPU
		{FA5B8598-DB03-4FD2-B95F-9CB44D375CCB}.Debug|ARM.Build.0 = Debug|Any CPU
		{FA5B8598-DB03-4FD2-B95F-9CB44D375CCB}.Debug|x64.ActiveCfg = Debug|Any CPU
		{FA5B8598-DB03-4FD2-B95F-9CB44D375CCB}.Debug|x64.Build.0 = Debug|Any CPU
		{FA5B8598-DB03-4FD2-B95F-9CB44D375CCB}.Debug|x86.ActiveCfg = Debug|Any CPU
		{FA5B8598-DB03-4FD2-B95F-9CB44D375CCB}.Debug|x86.Build.0 = Debug|Any CPU
		{FA5B8598-DB03-4FD2-B95F-9CB44D375CCB}.Release|Any CPU.ActiveCfg = Release|Any CPU
		{FA5B8598-DB03-4FD2-B95F-9CB44D375CCB}.Release|Any CPU.Build.0 = Release|Any CPU
		{FA5B8598-DB03-4FD2-B95F-9CB44D375CCB}.Release|ARM.ActiveCfg = Release|Any CPU
		{FA5B8598-DB03-4FD2-B95F-9CB44D375CCB}.Release|ARM.Build.0 = Release|Any CPU
		{FA5B8598-DB03-4FD2-B95F-9CB44D375CCB}.Release|x64.ActiveCfg = Release|Any CPU
		{FA5B8598-DB03-4FD2-B95F-9CB44D375CCB}.Release|x64.Build.0 = Release|Any CPU
		{FA5B8598-DB03-4FD2-B95F-9CB44D375CCB}.Release|x86.ActiveCfg = Release|Any CPU
		{FA5B8598-DB03-4FD2-B95F-9CB44D375CCB}.Release|x86.Build.0 = Release|Any CPU
		{4DF9A232-30E8-4791-AFC5-07E836AD169E}.Debug|Any CPU.ActiveCfg = Debug|Any CPU
		{4DF9A232-30E8-4791-AFC5-07E836AD169E}.Debug|Any CPU.Build.0 = Debug|Any CPU
		{4DF9A232-30E8-4791-AFC5-07E836AD169E}.Debug|ARM.ActiveCfg = Debug|Any CPU
		{4DF9A232-30E8-4791-AFC5-07E836AD169E}.Debug|ARM.Build.0 = Debug|Any CPU
		{4DF9A232-30E8-4791-AFC5-07E836AD169E}.Debug|x64.ActiveCfg = Debug|Any CPU
		{4DF9A232-30E8-4791-AFC5-07E836AD169E}.Debug|x64.Build.0 = Debug|Any CPU
		{4DF9A232-30E8-4791-AFC5-07E836AD169E}.Debug|x86.ActiveCfg = Debug|Any CPU
		{4DF9A232-30E8-4791-AFC5-07E836AD169E}.Debug|x86.Build.0 = Debug|Any CPU
		{4DF9A232-30E8-4791-AFC5-07E836AD169E}.Release|Any CPU.ActiveCfg = Release|Any CPU
		{4DF9A232-30E8-4791-AFC5-07E836AD169E}.Release|Any CPU.Build.0 = Release|Any CPU
		{4DF9A232-30E8-4791-AFC5-07E836AD169E}.Release|ARM.ActiveCfg = Release|Any CPU
		{4DF9A232-30E8-4791-AFC5-07E836AD169E}.Release|ARM.Build.0 = Release|Any CPU
		{4DF9A232-30E8-4791-AFC5-07E836AD169E}.Release|x64.ActiveCfg = Release|Any CPU
		{4DF9A232-30E8-4791-AFC5-07E836AD169E}.Release|x64.Build.0 = Release|Any CPU
		{4DF9A232-30E8-4791-AFC5-07E836AD169E}.Release|x86.ActiveCfg = Release|Any CPU
		{4DF9A232-30E8-4791-AFC5-07E836AD169E}.Release|x86.Build.0 = Release|Any CPU
		{3E056D33-52EA-458B-9CAD-BEDCC390134B}.Debug|Any CPU.ActiveCfg = Debug|Any CPU
		{3E056D33-52EA-458B-9CAD-BEDCC390134B}.Debug|Any CPU.Build.0 = Debug|Any CPU
		{3E056D33-52EA-458B-9CAD-BEDCC390134B}.Debug|Any CPU.Deploy.0 = Debug|Any CPU
		{3E056D33-52EA-458B-9CAD-BEDCC390134B}.Debug|ARM.ActiveCfg = Debug|Any CPU
		{3E056D33-52EA-458B-9CAD-BEDCC390134B}.Debug|ARM.Build.0 = Debug|Any CPU
		{3E056D33-52EA-458B-9CAD-BEDCC390134B}.Debug|ARM.Deploy.0 = Debug|Any CPU
		{3E056D33-52EA-458B-9CAD-BEDCC390134B}.Debug|x64.ActiveCfg = Debug|Any CPU
		{3E056D33-52EA-458B-9CAD-BEDCC390134B}.Debug|x64.Build.0 = Debug|Any CPU
		{3E056D33-52EA-458B-9CAD-BEDCC390134B}.Debug|x64.Deploy.0 = Debug|Any CPU
		{3E056D33-52EA-458B-9CAD-BEDCC390134B}.Debug|x86.ActiveCfg = Debug|Any CPU
		{3E056D33-52EA-458B-9CAD-BEDCC390134B}.Debug|x86.Build.0 = Debug|Any CPU
		{3E056D33-52EA-458B-9CAD-BEDCC390134B}.Debug|x86.Deploy.0 = Debug|Any CPU
		{3E056D33-52EA-458B-9CAD-BEDCC390134B}.Release|Any CPU.ActiveCfg = Release|Any CPU
		{3E056D33-52EA-458B-9CAD-BEDCC390134B}.Release|Any CPU.Build.0 = Release|Any CPU
		{3E056D33-52EA-458B-9CAD-BEDCC390134B}.Release|Any CPU.Deploy.0 = Release|Any CPU
		{3E056D33-52EA-458B-9CAD-BEDCC390134B}.Release|ARM.ActiveCfg = Release|Any CPU
		{3E056D33-52EA-458B-9CAD-BEDCC390134B}.Release|ARM.Build.0 = Release|Any CPU
		{3E056D33-52EA-458B-9CAD-BEDCC390134B}.Release|ARM.Deploy.0 = Release|Any CPU
		{3E056D33-52EA-458B-9CAD-BEDCC390134B}.Release|x64.ActiveCfg = Release|Any CPU
		{3E056D33-52EA-458B-9CAD-BEDCC390134B}.Release|x64.Build.0 = Release|Any CPU
		{3E056D33-52EA-458B-9CAD-BEDCC390134B}.Release|x64.Deploy.0 = Release|Any CPU
		{3E056D33-52EA-458B-9CAD-BEDCC390134B}.Release|x86.ActiveCfg = Release|Any CPU
		{3E056D33-52EA-458B-9CAD-BEDCC390134B}.Release|x86.Build.0 = Release|Any CPU
		{3E056D33-52EA-458B-9CAD-BEDCC390134B}.Release|x86.Deploy.0 = Release|Any CPU
		{C30B7FBC-6EA3-4857-A7E1-2324FD084A66}.Debug|Any CPU.ActiveCfg = Debug|x86
		{C30B7FBC-6EA3-4857-A7E1-2324FD084A66}.Debug|ARM.ActiveCfg = Debug|ARM
		{C30B7FBC-6EA3-4857-A7E1-2324FD084A66}.Debug|ARM.Build.0 = Debug|ARM
		{C30B7FBC-6EA3-4857-A7E1-2324FD084A66}.Debug|ARM.Deploy.0 = Debug|ARM
		{C30B7FBC-6EA3-4857-A7E1-2324FD084A66}.Debug|x64.ActiveCfg = Debug|x64
		{C30B7FBC-6EA3-4857-A7E1-2324FD084A66}.Debug|x64.Build.0 = Debug|x64
		{C30B7FBC-6EA3-4857-A7E1-2324FD084A66}.Debug|x64.Deploy.0 = Debug|x64
		{C30B7FBC-6EA3-4857-A7E1-2324FD084A66}.Debug|x86.ActiveCfg = Debug|x86
		{C30B7FBC-6EA3-4857-A7E1-2324FD084A66}.Debug|x86.Build.0 = Debug|x86
		{C30B7FBC-6EA3-4857-A7E1-2324FD084A66}.Debug|x86.Deploy.0 = Debug|x86
		{C30B7FBC-6EA3-4857-A7E1-2324FD084A66}.Release|Any CPU.ActiveCfg = Release|x86
		{C30B7FBC-6EA3-4857-A7E1-2324FD084A66}.Release|ARM.ActiveCfg = Release|ARM
		{C30B7FBC-6EA3-4857-A7E1-2324FD084A66}.Release|ARM.Build.0 = Release|ARM
		{C30B7FBC-6EA3-4857-A7E1-2324FD084A66}.Release|ARM.Deploy.0 = Release|ARM
		{C30B7FBC-6EA3-4857-A7E1-2324FD084A66}.Release|x64.ActiveCfg = Release|x64
		{C30B7FBC-6EA3-4857-A7E1-2324FD084A66}.Release|x64.Build.0 = Release|x64
		{C30B7FBC-6EA3-4857-A7E1-2324FD084A66}.Release|x64.Deploy.0 = Release|x64
		{C30B7FBC-6EA3-4857-A7E1-2324FD084A66}.Release|x86.ActiveCfg = Release|x86
		{C30B7FBC-6EA3-4857-A7E1-2324FD084A66}.Release|x86.Build.0 = Release|x86
		{C30B7FBC-6EA3-4857-A7E1-2324FD084A66}.Release|x86.Deploy.0 = Release|x86
		{91410473-1D26-412E-BA41-27BB99FFA9CB}.Debug|Any CPU.ActiveCfg = Debug|Any CPU
		{91410473-1D26-412E-BA41-27BB99FFA9CB}.Debug|Any CPU.Build.0 = Debug|Any CPU
		{91410473-1D26-412E-BA41-27BB99FFA9CB}.Debug|ARM.ActiveCfg = Debug|Any CPU
		{91410473-1D26-412E-BA41-27BB99FFA9CB}.Debug|ARM.Build.0 = Debug|Any CPU
		{91410473-1D26-412E-BA41-27BB99FFA9CB}.Debug|x64.ActiveCfg = Debug|Any CPU
		{91410473-1D26-412E-BA41-27BB99FFA9CB}.Debug|x64.Build.0 = Debug|Any CPU
		{91410473-1D26-412E-BA41-27BB99FFA9CB}.Debug|x86.ActiveCfg = Debug|Any CPU
		{91410473-1D26-412E-BA41-27BB99FFA9CB}.Debug|x86.Build.0 = Debug|Any CPU
		{91410473-1D26-412E-BA41-27BB99FFA9CB}.Release|Any CPU.ActiveCfg = Release|Any CPU
		{91410473-1D26-412E-BA41-27BB99FFA9CB}.Release|Any CPU.Build.0 = Release|Any CPU
		{91410473-1D26-412E-BA41-27BB99FFA9CB}.Release|ARM.ActiveCfg = Release|Any CPU
		{91410473-1D26-412E-BA41-27BB99FFA9CB}.Release|ARM.Build.0 = Release|Any CPU
		{91410473-1D26-412E-BA41-27BB99FFA9CB}.Release|x64.ActiveCfg = Release|Any CPU
		{91410473-1D26-412E-BA41-27BB99FFA9CB}.Release|x64.Build.0 = Release|Any CPU
		{91410473-1D26-412E-BA41-27BB99FFA9CB}.Release|x86.ActiveCfg = Release|Any CPU
		{91410473-1D26-412E-BA41-27BB99FFA9CB}.Release|x86.Build.0 = Release|Any CPU
	EndGlobalSection
	GlobalSection(SolutionProperties) = preSolution
		HideSolutionNode = FALSE
	EndGlobalSection
	GlobalSection(ExtensibilityGlobals) = postSolution
		SolutionGuid = {5EDBDB16-9358-4D15-BC8B-7AA22BD1DCDA}
	EndGlobalSection
EndGlobal
