
Microsoft Visual Studio Solution File, Format Version 12.00
# Visual Studio 15
VisualStudioVersion = 15.0.28307.421
MinimumVisualStudioVersion = 10.0.40219.1
Project("{FAE04EC0-301F-11D3-BF4B-00C04F79EFBC}") = "DIContainer", "DIContainer\DIContainer.csproj", "{2276F7F5-4999-4DDA-BFB2-ACABB9CA8E96}"
EndProject
Project("{FAE04EC0-301F-11D3-BF4B-00C04F79EFBC}") = "DIContainer.Tests", "DIContainer.Tests\DIContainer.Tests.csproj", "{616B94DA-047F-4D75-9093-566B266488BB}"
EndProject
Global
	GlobalSection(SolutionConfigurationPlatforms) = preSolution
		Debug|Any CPU = Debug|Any CPU
		Release|Any CPU = Release|Any CPU
	EndGlobalSection
	GlobalSection(ProjectConfigurationPlatforms) = postSolution
		{2276F7F5-4999-4DDA-BFB2-ACABB9CA8E96}.Debug|Any CPU.ActiveCfg = Debug|Any CPU
		{2276F7F5-4999-4DDA-BFB2-ACABB9CA8E96}.Debug|Any CPU.Build.0 = Debug|Any CPU
		{2276F7F5-4999-4DDA-BFB2-ACABB9CA8E96}.Release|Any CPU.ActiveCfg = Release|Any CPU
		{2276F7F5-4999-4DDA-BFB2-ACABB9CA8E96}.Release|Any CPU.Build.0 = Release|Any CPU
		{616B94DA-047F-4D75-9093-566B266488BB}.Debug|Any CPU.ActiveCfg = Debug|Any CPU
		{616B94DA-047F-4D75-9093-566B266488BB}.Debug|Any CPU.Build.0 = Debug|Any CPU
		{616B94DA-047F-4D75-9093-566B266488BB}.Release|Any CPU.ActiveCfg = Release|Any CPU
		{616B94DA-047F-4D75-9093-566B266488BB}.Release|Any CPU.Build.0 = Release|Any CPU
	EndGlobalSection
	GlobalSection(SolutionProperties) = preSolution
		HideSolutionNode = FALSE
	EndGlobalSection
	GlobalSection(ExtensibilityGlobals) = postSolution
		SolutionGuid = {96B11567-C3BD-4461-B996-EF08CB0A86F4}
	EndGlobalSection
EndGlobal
